// !$*UTF8*$!
{
	archiveVersion = 1;
	classes = {
	};
	objectVersion = 55;
	objects = {

/* Begin PBXBuildFile section */
		1165711528269B1200785836 /* main.c in Sources */ = {isa = PBXBuildFile; fileRef = 1165711428269B1200785836 /* main.c */; };
		118B08892850AD2B00905AF7 /* fun.c in Sources */ = {isa = PBXBuildFile; fileRef = 118B08882850AD2B00905AF7 /* fun.c */; };
		118B088B2850AEF100905AF7 /* fun_cli.c in Sources */ = {isa = PBXBuildFile; fileRef = 118B088A2850AEF100905AF7 /* fun_cli.c */; };
		118B088D285356CB00905AF7 /* fun_cli_service.c in Sources */ = {isa = PBXBuildFile; fileRef = 118B088C285356CB00905AF7 /* fun_cli_service.c */; };
		118B088F28538D6800905AF7 /* fun_adm_service.c in Sources */ = {isa = PBXBuildFile; fileRef = 118B088E28538D6800905AF7 /* fun_adm_service.c */; };
/* End PBXBuildFile section */

/* Begin PBXCopyFilesBuildPhase section */
		1165710F28269B1200785836 /* CopyFiles */ = {
			isa = PBXCopyFilesBuildPhase;
			buildActionMask = 2147483647;
			dstPath = /usr/share/man/man1/;
			dstSubfolderSpec = 0;
			files = (
			);
			runOnlyForDeploymentPostprocessing = 1;
		};
/* End PBXCopyFilesBuildPhase section */

/* Begin PBXFileReference section */
		1165711128269B1200785836 /* homeworke */ = {isa = PBXFileReference; explicitFileType = "compiled.mach-o.executable"; includeInIndex = 0; path = homeworke; sourceTree = BUILT_PRODUCTS_DIR; };
		1165711428269B1200785836 /* main.c */ = {isa = PBXFileReference; lastKnownFileType = sourcecode.c.c; path = main.c; sourceTree = "<group>"; };
		118B08872850ABAF00905AF7 /* header.h */ = {isa = PBXFileReference; lastKnownFileType = sourcecode.c.h; path = header.h; sourceTree = "<group>"; };
		118B08882850AD2B00905AF7 /* fun.c */ = {isa = PBXFileReference; lastKnownFileType = sourcecode.c.c; path = fun.c; sourceTree = "<group>"; };
		118B088A2850AEF100905AF7 /* fun_cli.c */ = {isa = PBXFileReference; lastKnownFileType = sourcecode.c.c; path = fun_cli.c; sourceTree = "<group>"; };
		118B088C285356CB00905AF7 /* fun_cli_service.c */ = {isa = PBXFileReference; lastKnownFileType = sourcecode.c.c; path = fun_cli_service.c; sourceTree = "<group>"; };
		118B088E28538D6800905AF7 /* fun_adm_service.c */ = {isa = PBXFileReference; lastKnownFileType = sourcecode.c.c; path = fun_adm_service.c; sourceTree = "<group>"; };
/* End PBXFileReference section */

/* Begin PBXFrameworksBuildPhase section */
		1165710E28269B1200785836 /* Frameworks */ = {
			isa = PBXFrameworksBuildPhase;
			buildActionMask = 2147483647;
			files = (
			);
			runOnlyForDeploymentPostprocessing = 0;
		};
/* End PBXFrameworksBuildPhase section */

/* Begin PBXGroup section */
		1165710828269B1200785836 = {
			isa = PBXGroup;
			children = (
				1165711328269B1200785836 /* homeworke */,
				1165711228269B1200785836 /* Products */,
			);
			sourceTree = "<group>";
		};
		1165711228269B1200785836 /* Products */ = {
			isa = PBXGroup;
			children = (
				1165711128269B1200785836 /* homeworke */,
			);
			name = Products;
			sourceTree = "<group>";
		};
		1165711328269B1200785836 /* homeworke */ = {
			isa = PBXGroup;
			children = (
				1165711428269B1200785836 /* main.c */,
				118B08872850ABAF00905AF7 /* header.h */,
				118B08882850AD2B00905AF7 /* fun.c */,
				118B088A2850AEF100905AF7 /* fun_cli.c */,
				118B088C285356CB00905AF7 /* fun_cli_service.c */,
				118B088E28538D6800905AF7 /* fun_adm_service.c */,
			);
			path = homeworke;
			sourceTree = "<group>";
		};
/* End PBXGroup section */

/* Begin PBXNativeTarget section */
		1165711028269B1200785836 /* homeworke */ = {
			isa = PBXNativeTarget;
			buildConfigurationList = 1165711828269B1200785836 /* Build configuration list for PBXNativeTarget "homeworke" */;
			buildPhases = (
				1165710D28269B1200785836 /* Sources */,
				1165710E28269B1200785836 /* Frameworks */,
				1165710F28269B1200785836 /* CopyFiles */,
			);
			buildRules = (
			);
			dependencies = (
			);
			name = homeworke;
			productName = homeworke;
			productReference = 1165711128269B1200785836 /* homeworke */;
			productType = "com.apple.product-type.tool";
		};
/* End PBXNativeTarget section */

/* Begin PBXProject section */
		1165710928269B1200785836 /* Project object */ = {
			isa = PBXProject;
			attributes = {
				BuildIndependentTargetsInParallel = 1;
				LastUpgradeCheck = 1320;
				TargetAttributes = {
					1165711028269B1200785836 = {
						CreatedOnToolsVersion = 13.2.1;
					};
				};
			};
			buildConfigurationList = 1165710C28269B1200785836 /* Build configuration list for PBXProject "homeworke" */;
			compatibilityVersion = "Xcode 13.0";
			developmentRegion = en;
			hasScannedForEncodings = 0;
			knownRegions = (
				en,
				Base,
			);
			mainGroup = 1165710828269B1200785836;
			productRefGroup = 1165711228269B1200785836 /* Products */;
			projectDirPath = "";
			projectRoot = "";
			targets = (
				1165711028269B1200785836 /* homeworke */,
			);
		};
/* End PBXProject section */

/* Begin PBXSourcesBuildPhase section */
		1165710D28269B1200785836 /* Sources */ = {
			isa = PBXSourcesBuildPhase;
			buildActionMask = 2147483647;
			files = (
				1165711528269B1200785836 /* main.c in Sources */,
				118B08892850AD2B00905AF7 /* fun.c in Sources */,
				118B088D285356CB00905AF7 /* fun_cli_service.c in Sources */,
				118B088F28538D6800905AF7 /* fun_adm_service.c in Sources */,
				118B088B2850AEF100905AF7 /* fun_cli.c in Sources */,
			);
			runOnlyForDeploymentPostprocessing = 0;
		};
/* End PBXSourcesBuildPhase section */

/* Begin XCBuildConfiguration section */
		1165711628269B1200785836 /* Debug */ = {
			isa = XCBuildConfiguration;
			buildSettings = {
				ALWAYS_SEARCH_USER_PATHS = NO;
				CLANG_ANALYZER_NONNULL = YES;
				CLANG_ANALYZER_NUMBER_OBJECT_CONVERSION = YES_AGGRESSIVE;
				CLANG_CXX_LANGUAGE_STANDARD = "gnu++17";
				CLANG_CXX_LIBRARY = "libc++";
				CLANG_ENABLE_MODULES = YES;
				CLANG_ENABLE_OBJC_ARC = YES;
				CLANG_ENABLE_OBJC_WEAK = YES;
				CLANG_WARN_BLOCK_CAPTURE_AUTORELEASING = YES;
				CLANG_WARN_BOOL_CONVERSION = YES;
				CLANG_WARN_COMMA = YES;
				CLANG_WARN_CONSTANT_CONVERSION = YES;
				CLANG_WARN_DEPRECATED_OBJC_IMPLEMENTATIONS = YES;
				CLANG_WARN_DIRECT_OBJC_ISA_USAGE = YES_ERROR;
				CLANG_WARN_DOCUMENTATION_COMMENTS = YES;
				CLANG_WARN_EMPTY_BODY = YES;
				CLANG_WARN_ENUM_CONVERSION = YES;
				CLANG_WARN_INFINITE_RECURSION = YES;
				CLANG_WARN_INT_CONVERSION = YES;
				CLANG_WARN_NON_LITERAL_NULL_CONVERSION = YES;
				CLANG_WARN_OBJC_IMPLICIT_RETAIN_SELF = YES;
				CLANG_WARN_OBJC_LITERAL_CONVERSION = YES;
				CLANG_WARN_OBJC_ROOT_CLASS = YES_ERROR;
				CLANG_WARN_QUOTED_INCLUDE_IN_FRAMEWORK_HEADER = YES;
				CLANG_WARN_RANGE_LOOP_ANALYSIS = YES;
				CLANG_WARN_STRICT_PROTOTYPES = YES;
				CLANG_WARN_SUSPICIOUS_MOVE = YES;
				CLANG_WARN_UNGUARDED_AVAILABILITY = YES_AGGRESSIVE;
				CLANG_WARN_UNREACHABLE_CODE = YES;
				CLANG_WARN__DUPLICATE_METHOD_MATCH = YES;
				COPY_PHASE_STRIP = NO;
				DEBUG_INFORMATION_FORMAT = dwarf;
				ENABLE_STRICT_OBJC_MSGSEND = YES;
				ENABLE_TESTABILITY = YES;
				GCC_C_LANGUAGE_STANDARD = gnu11;
				GCC_DYNAMIC_NO_PIC = NO;
				GCC_NO_COMMON_BLOCKS = YES;
				GCC_OPTIMIZATION_LEVEL = 0;
				GCC_PREPROCESSOR_DEFINITIONS = (
					"DEBUG=1",
					"$(inherited)",
				);
				GCC_WARN_64_TO_32_BIT_CONVERSION = YES;
				GCC_WARN_ABOUT_RETURN_TYPE = YES_ERROR;
				GCC_WARN_UNDECLARED_SELECTOR = YES;
				GCC_WARN_UNINITIALIZED_AUTOS = YES_AGGRESSIVE;
				GCC_WARN_UNUSED_FUNCTION = YES;
				GCC_WARN_UNUSED_VARIABLE = YES;
				MACOSX_DEPLOYMENT_TARGET = 12.1;
				MTL_ENABLE_DEBUG_INFO = INCLUDE_SOURCE;
				MTL_FAST_MATH = YES;
				ONLY_ACTIVE_ARCH = YES;
				SDKROOT = macosx;
			};
			name = Debug;
		};
		1165711728269B1200785836 /* Release */ = {
			isa = XCBuildConfiguration;
			buildSettings = {
				ALWAYS_SEARCH_USER_PATHS = NO;
				CLANG_ANALYZER_NONNULL = YES;
				CLANG_ANALYZER_NUMBER_OBJECT_CONVERSION = YES_AGGRESSIVE;
				CLANG_CXX_LANGUAGE_STANDARD = "gnu++17";
				CLANG_CXX_LIBRARY = "libc++";
				CLANG_ENABLE_MODULES = YES;
				CLANG_ENABLE_OBJC_ARC = YES;
				CLANG_ENABLE_OBJC_WEAK = YES;
				CLANG_WARN_BLOCK_CAPTURE_AUTORELEASING = YES;
				CLANG_WARN_BOOL_CONVERSION = YES;
				CLANG_WARN_COMMA = YES;
				CLANG_WARN_CONSTANT_CONVERSION = YES;
				CLANG_WARN_DEPRECATED_OBJC_IMPLEMENTATIONS = YES;
				CLANG_WARN_DIRECT_OBJC_ISA_USAGE = YES_ERROR;
				CLANG_WARN_DOCUMENTATION_COMMENTS = YES;
				CLANG_WARN_EMPTY_BODY = YES;
				CLANG_WARN_ENUM_CONVERSION = YES;
				CLANG_WARN_INFINITE_RECURSION = YES;
				CLANG_WARN_INT_CONVERSION = YES;
				CLANG_WARN_NON_LITERAL_NULL_CONVERSION = YES;
				CLANG_WARN_OBJC_IMPLICIT_RETAIN_SELF = YES;
				CLANG_WARN_OBJC_LITERAL_CONVERSION = YES;
				CLANG_WARN_OBJC_ROOT_CLASS = YES_ERROR;
				CLANG_WARN_QUOTED_INCLUDE_IN_FRAMEWORK_HEADER = YES;
				CLANG_WARN_RANGE_LOOP_ANALYSIS = YES;
				CLANG_WARN_STRICT_PROTOTYPES = YES;
				CLANG_WARN_SUSPICIOUS_MOVE = YES;
				CLANG_WARN_UNGUARDED_AVAILABILITY = YES_AGGRESSIVE;
				CLANG_WARN_UNREACHABLE_CODE = YES;
				CLANG_WARN__DUPLICATE_METHOD_MATCH = YES;
				COPY_PHASE_STRIP = NO;
				DEBUG_INFORMATION_FORMAT = "dwarf-with-dsym";
				ENABLE_NS_ASSERTIONS = NO;
				ENABLE_STRICT_OBJC_MSGSEND = YES;
				GCC_C_LANGUAGE_STANDARD = gnu11;
				GCC_NO_COMMON_BLOCKS = YES;
				GCC_WARN_64_TO_32_BIT_CONVERSION = YES;
				GCC_WARN_ABOUT_RETURN_TYPE = YES_ERROR;
				GCC_WARN_UNDECLARED_SELECTOR = YES;
				GCC_WARN_UNINITIALIZED_AUTOS = YES_AGGRESSIVE;
				GCC_WARN_UNUSED_FUNCTION = YES;
				GCC_WARN_UNUSED_VARIABLE = YES;
				MACOSX_DEPLOYMENT_TARGET = 12.1;
				MTL_ENABLE_DEBUG_INFO = NO;
				MTL_FAST_MATH = YES;
				SDKROOT = macosx;
			};
			name = Release;
		};
		1165711928269B1200785836 /* Debug */ = {
			isa = XCBuildConfiguration;
			buildSettings = {
				CODE_SIGN_STYLE = Automatic;
				PRODUCT_NAME = "$(TARGET_NAME)";
			};
			name = Debug;
		};
		1165711A28269B1200785836 /* Release */ = {
			isa = XCBuildConfiguration;
			buildSettings = {
				CODE_SIGN_STYLE = Automatic;
				PRODUCT_NAME = "$(TARGET_NAME)";
			};
			name = Release;
		};
/* End XCBuildConfiguration section */

/* Begin XCConfigurationList section */
		1165710C28269B1200785836 /* Build configuration list for PBXProject "homeworke" */ = {
			isa = XCConfigurationList;
			buildConfigurations = (
				1165711628269B1200785836 /* Debug */,
				1165711728269B1200785836 /* Release */,
			);
			defaultConfigurationIsVisible = 0;
			defaultConfigurationName = Release;
		};
		1165711828269B1200785836 /* Build configuration list for PBXNativeTarget "homeworke" */ = {
			isa = XCConfigurationList;
			buildConfigurations = (
				1165711928269B1200785836 /* Debug */,
				1165711A28269B1200785836 /* Release */,
			);
			defaultConfigurationIsVisible = 0;
			defaultConfigurationName = Release;
		};
/* End XCConfigurationList section */
	};
	rootObject = 1165710928269B1200785836 /* Project object */;
}
